// !$*UTF8*$!
{
	archiveVersion = 1;
	classes = {};
	objectVersion = 77;
	objects = {

/* Begin PBXBuildFile section */
		A10000000000000000000011 /* WeatherIosApp.swift in Sources */ = {isa = PBXBuildFile; fileRef = A10000000000000000000001 /* WeatherIosApp.swift */; };
		A10000000000000000000012 /* WeatherViewController.swift in Sources */ = {isa = PBXBuildFile; fileRef = A10000000000000000000002 /* WeatherViewController.swift */; };
		A10000000000000000000013 /* WeatherShared.framework in Frameworks */ = {isa = PBXBuildFile; fileRef = A10000000000000000000003 /* WeatherShared.framework */; };
/* End PBXBuildFile section */

/* Begin PBXFileReference section */
		A10000000000000000000001 /* WeatherIosApp.swift */ = {isa = PBXFileReference; lastKnownFileType = sourcecode.swift; path = WeatherIosApp.swift; sourceTree = "<group>"; };
		A10000000000000000000002 /* WeatherViewController.swift */ = {isa = PBXFileReference; lastKnownFileType = sourcecode.swift; path = WeatherViewController.swift; sourceTree = "<group>"; };
		A10000000000000000000003 /* WeatherShared.framework */ = {isa = PBXFileReference; explicitFileType = wrapper.framework; path = "../app/build/xcode-frameworks/$(CONFIGURATION)/$(SDK_NAME)/WeatherShared.framework"; sourceTree = SOURCE_ROOT; };
		A10000000000000000000004 /* WeatherIos.app */ = {isa = PBXFileReference; explicitFileType = wrapper.application; includeInIndex = 0; path = WeatherIos.app; sourceTree = BUILT_PRODUCTS_DIR; };
		A10000000000000000000005 /* Info.plist */ = {isa = PBXFileReference; lastKnownFileType = text.plist.xml; path = Info.plist; sourceTree = "<group>"; };
/* End PBXFileReference section */

/* Begin PBXFrameworksBuildPhase section */
		A10000000000000000000021 /* Frameworks */ = {
			isa = PBXFrameworksBuildPhase;
			buildActionMask = 2147483647;
			files = (A10000000000000000000013 /* WeatherShared.framework in Frameworks */,);
			runOnlyForDeploymentPostprocessing = 0;
		};
/* End PBXFrameworksBuildPhase section */

/* Begin PBXGroup section */
		A10000000000000000000031 = {
			isa = PBXGroup;
			children = (A10000000000000000000032 /* iosApp */, A10000000000000000000033 /* Frameworks */, A10000000000000000000034 /* Products */,);
			sourceTree = "<group>";
		};
		A10000000000000000000032 /* iosApp */ = {
			isa = PBXGroup;
			children = (A10000000000000000000001 /* WeatherIosApp.swift */, A10000000000000000000002 /* WeatherViewController.swift */, A10000000000000000000005 /* Info.plist */,);
			path = iosApp;
			sourceTree = "<group>";
		};
		A10000000000000000000033 /* Frameworks */ = {
			isa = PBXGroup;
			children = (A10000000000000000000003 /* WeatherShared.framework */,);
			name = Frameworks;
			sourceTree = "<group>";
		};
		A10000000000000000000034 /* Products */ = {
			isa = PBXGroup;
			children = (A10000000000000000000004 /* WeatherIos.app */,);
			name = Products;
			sourceTree = "<group>";
		};
/* End PBXGroup section */

/* Begin PBXNativeTarget section */
		A10000000000000000000041 /* WeatherIos */ = {
			isa = PBXNativeTarget;
			buildConfigurationList = A10000000000000000000051 /* Build configuration list for PBXNativeTarget "WeatherIos" */;
			buildPhases = (A10000000000000000000062 /* Build WeatherShared */, A10000000000000000000061 /* Sources */, A10000000000000000000021 /* Frameworks */,);
			buildRules = ();
			dependencies = ();
			name = WeatherIos;
			productName = WeatherIos;
			productReference = A10000000000000000000004 /* WeatherIos.app */;
			productType = "com.apple.product-type.application";
		};
/* End PBXNativeTarget section */

/* Begin PBXProject section */
		A10000000000000000000071 /* Project object */ = {
			isa = PBXProject;
			attributes = { LastUpgradeCheck = 2610; TargetAttributes = { A10000000000000000000041 = { CreatedOnToolsVersion = 26.1.1; }; }; };
			buildConfigurationList = A10000000000000000000072 /* Build configuration list for PBXProject "WeatherIos" */;
			developmentRegion = en;
			hasScannedForEncodings = 0;
			knownRegions = (en, Base, ru,);
			mainGroup = A10000000000000000000031;
			productRefGroup = A10000000000000000000034 /* Products */;
			projectDirPath = "";
			projectRoot = "";
			targets = (A10000000000000000000041 /* WeatherIos */,);
		};
/* End PBXProject section */

/* Begin PBXShellScriptBuildPhase section */
		A10000000000000000000062 /* Build WeatherShared */ = {
			isa = PBXShellScriptBuildPhase;
			buildActionMask = 2147483647;
			files = ();
			inputPaths = ();
			name = "Build WeatherShared";
			outputPaths = ();
			runOnlyForDeploymentPostprocessing = 0;
			shellPath = /bin/sh;
			shellScript = "cd \"$SRCROOT/..\"\n./gradlew :app:embedAndSignAppleFrameworkForXcode\n";
		};
/* End PBXShellScriptBuildPhase section */

/* Begin PBXSourcesBuildPhase section */
		A10000000000000000000061 /* Sources */ = {
			isa = PBXSourcesBuildPhase;
			buildActionMask = 2147483647;
			files = (A10000000000000000000011 /* WeatherIosApp.swift in Sources */, A10000000000000000000012 /* WeatherViewController.swift in Sources */,);
			runOnlyForDeploymentPostprocessing = 0;
		};
/* End PBXSourcesBuildPhase section */

/* Begin XCBuildConfiguration section */
		A10000000000000000000081 /* Debug */ = {isa = XCBuildConfiguration; buildSettings = { CLANG_ENABLE_MODULES = YES; IPHONEOS_DEPLOYMENT_TARGET = 15.0; PRODUCT_BUNDLE_IDENTIFIER = com.sibgear.weather.ios; SWIFT_VERSION = 5.0; }; name = Debug; };
		A10000000000000000000082 /* Release */ = {isa = XCBuildConfiguration; buildSettings = { CLANG_ENABLE_MODULES = YES; IPHONEOS_DEPLOYMENT_TARGET = 15.0; PRODUCT_BUNDLE_IDENTIFIER = com.sibgear.weather.ios; SWIFT_VERSION = 5.0; }; name = Release; };
		A10000000000000000000083 /* Debug */ = {isa = XCBuildConfiguration; buildSettings = { ARCHS = arm64; INFOPLIST_FILE = iosApp/Info.plist; LD_RUNPATH_SEARCH_PATHS = "$(inherited) @executable_path/Frameworks"; PRODUCT_NAME = "$(TARGET_NAME)"; }; name = Debug; };
		A10000000000000000000084 /* Release */ = {isa = XCBuildConfiguration; buildSettings = { ARCHS = arm64; INFOPLIST_FILE = iosApp/Info.plist; LD_RUNPATH_SEARCH_PATHS = "$(inherited) @executable_path/Frameworks"; PRODUCT_NAME = "$(TARGET_NAME)"; }; name = Release; };
/* End XCBuildConfiguration section */

/* Begin XCConfigurationList section */
		A10000000000000000000051 = {isa = XCConfigurationList; buildConfigurations = (A10000000000000000000083 /* Debug */, A10000000000000000000084 /* Release */,); defaultConfigurationIsVisible = 0; defaultConfigurationName = Release; };
		A10000000000000000000072 = {isa = XCConfigurationList; buildConfigurations = (A10000000000000000000081 /* Debug */, A10000000000000000000082 /* Release */,); defaultConfigurationIsVisible = 0; defaultConfigurationName = Release; };
/* End XCConfigurationList section */
	};
	rootObject = A10000000000000000000071 /* Project object */;
}
